
Microsoft Visual Studio Solution File, Format Version 12.00
# Visual Studio Version 17
VisualStudioVersion = 17.1.32319.34
MinimumVisualStudioVersion = 10.0.40219.1
Project("{9A19103F-16F7-4668-BE54-9A1E7A4F7556}") = "Hospital", "Hospital\Hospital.csproj", "{042BBC94-CBB7-4F35-BEB6-718127114F2F}"
EndProject
Project("{2150E333-8FDC-42A3-9474-1A3956D46DE8}") = "Solution Items", "Solution Items", "{B8D08192-1AB9-4122-8B42-1FDD69BBC66E}"
	ProjectSection(SolutionItems) = preProject
		.editorconfig = .editorconfig
	EndProjectSection
EndProject
Global
	GlobalSection(SolutionConfigurationPlatforms) = preSolution
		Debug|Any CPU = Debug|Any CPU
		Release|Any CPU = Release|Any CPU
	EndGlobalSection
	GlobalSection(ProjectConfigurationPlatforms) = postSolution
		{042BBC94-CBB7-4F35-BEB6-718127114F2F}.Debug|Any CPU.ActiveCfg = Debug|Any CPU
		{042BBC94-CBB7-4F35-BEB6-718127114F2F}.Debug|Any CPU.Build.0 = Debug|Any CPU
		{042BBC94-CBB7-4F35-BEB6-718127114F2F}.Release|Any CPU.ActiveCfg = Release|Any CPU
		{042BBC94-CBB7-4F35-BEB6-718127114F2F}.Release|Any CPU.Build.0 = Release|Any CPU
	EndGlobalSection
	GlobalSection(SolutionProperties) = preSolution
		HideSolutionNode = FALSE
	EndGlobalSection
	GlobalSection(ExtensibilityGlobals) = postSolution
		SolutionGuid = {BA301EE8-4E51-4736-B45D-1D12D32EC409}
	EndGlobalSection
EndGlobal
