
Microsoft Visual Studio Solution File, Format Version 12.00
# Visual Studio Version 17
VisualStudioVersion = 17.1.32407.343
MinimumVisualStudioVersion = 10.0.40219.1
Project("{FAE04EC0-301F-11D3-BF4B-00C04F79EFBC}") = "Project", "Project\Project.csproj", "{5FD3727E-7BC8-4BBF-A53F-1DDCF4A07A57}"
EndProject
Global
	GlobalSection(SolutionConfigurationPlatforms) = preSolution
		Debug|Any CPU = Debug|Any CPU
		Release|Any CPU = Release|Any CPU
	EndGlobalSection
	GlobalSection(ProjectConfigurationPlatforms) = postSolution
		{5FD3727E-7BC8-4BBF-A53F-1DDCF4A07A57}.Debug|Any CPU.ActiveCfg = Debug|Any CPU
		{5FD3727E-7BC8-4BBF-A53F-1DDCF4A07A57}.Debug|Any CPU.Build.0 = Debug|Any CPU
		{5FD3727E-7BC8-4BBF-A53F-1DDCF4A07A57}.Release|Any CPU.ActiveCfg = Release|Any CPU
		{5FD3727E-7BC8-4BBF-A53F-1DDCF4A07A57}.Release|Any CPU.Build.0 = Release|Any CPU
	EndGlobalSection
	GlobalSection(SolutionProperties) = preSolution
		HideSolutionNode = FALSE
	EndGlobalSection
	GlobalSection(ExtensibilityGlobals) = postSolution
		SolutionGuid = {5E542BBC-7B90-429B-8948-98CDDB02F37D}
	EndGlobalSection
EndGlobal
